
Microsoft Visual Studio Solution File, Format Version 12.00
# Visual Studio Version 17
VisualStudioVersion = 17.11.35312.102
MinimumVisualStudioVersion = 10.0.40219.1
Project("{FAE04EC0-301F-11D3-BF4B-00C04F79EFBC}") = "PerfumeShop", "PerfumeShop\PerfumeShop.csproj", "{EE1700F8-7454-4DC9-88E4-53C1EE27F6C0}"
EndProject
Global
	GlobalSection(SolutionConfigurationPlatforms) = preSolution
		Debug|Any CPU = Debug|Any CPU
		Release|Any CPU = Release|Any CPU
	EndGlobalSection
	GlobalSection(ProjectConfigurationPlatforms) = postSolution
		{EE1700F8-7454-4DC9-88E4-53C1EE27F6C0}.Debug|Any CPU.ActiveCfg = Debug|Any CPU
		{EE1700F8-7454-4DC9-88E4-53C1EE27F6C0}.Debug|Any CPU.Build.0 = Debug|Any CPU
		{EE1700F8-7454-4DC9-88E4-53C1EE27F6C0}.Release|Any CPU.ActiveCfg = Release|Any CPU
		{EE1700F8-7454-4DC9-88E4-53C1EE27F6C0}.Release|Any CPU.Build.0 = Release|Any CPU
	EndGlobalSection
	GlobalSection(SolutionProperties) = preSolution
		HideSolutionNode = FALSE
	EndGlobalSection
	GlobalSection(ExtensibilityGlobals) = postSolution
		SolutionGuid = {25E36EF0-903A-436D-9109-ED9571AE301A}
	EndGlobalSection
EndGlobal
